# This file is automatically @generated by Poetry 1.8.2 and should not be changed by hand.

[[package]]
name = "first"
version = "0.1.0"
description = ""
optional = false
python-versions = "^3.11"
files = []
develop = true

[package.dependencies]
pluggy = "^1.4.0"
sharespec = {path = "../sharespec"}

[package.source]
type = "directory"
url = "../first"

[[package]]
name = "pluggy"
version = "1.4.0"
description = "plugin and hook calling mechanisms for python"
optional = false
python-versions = ">=3.8"
files = [
    {file = "pluggy-1.4.0-py3-none-any.whl", hash = "sha256:7db9f7b503d67d1c5b95f59773ebb58a8c1c288129a88665838012cfb07b8981"},
    {file = "pluggy-1.4.0.tar.gz", hash = "sha256:8c85c2876142a764e5b7548e7d9a0e0ddb46f5185161049a79b7e974454223be"},
]

[package.extras]
dev = ["pre-commit", "tox"]
testing = ["pytest", "pytest-benchmark"]

[[package]]
name = "second"
version = "0.1.0"
description = ""
optional = false
python-versions = "^3.11"
files = []
develop = true

[package.dependencies]
pluggy = "^1.4.0"
sharespec = {path = "../sharespec"}

[package.source]
type = "directory"
url = "../second"

[[package]]
name = "sharespec"
version = "0.1.0"
description = ""
optional = false
python-versions = "^3.11"
files = []
develop = true

[package.dependencies]
pluggy = "^1.4.0"

[package.source]
type = "directory"
url = "../sharespec"

[metadata]
lock-version = "2.0"
python-versions = "^3.11"
content-hash = "35c90d37072f62e0dc53617b798f3d485fa198517bed85e60668d80abe60df0f"
